
Microsoft Visual Studio Solution File, Format Version 12.00
# Visual Studio Version 17
VisualStudioVersion = 17.4.33103.184
MinimumVisualStudioVersion = 10.0.40219.1
Project("{FAE04EC0-301F-11D3-BF4B-00C04F79EFBC}") = "LADA", "LADA.csproj", "{6FCB4D9A-7891-4916-B373-809CA4209BBF}"
EndProject
Project("{2150E333-8FDC-42A3-9474-1A3956D46DE8}") = "resources", "resources", "{8833918C-F460-4657-83FA-0E26F39F90C1}"
EndProject
Global
	GlobalSection(SolutionConfigurationPlatforms) = preSolution
		Debug|Any CPU = Debug|Any CPU
		Release|Any CPU = Release|Any CPU
	EndGlobalSection
	GlobalSection(ProjectConfigurationPlatforms) = postSolution
		{6FCB4D9A-7891-4916-B373-809CA4209BBF}.Debug|Any CPU.ActiveCfg = Debug|Any CPU
		{6FCB4D9A-7891-4916-B373-809CA4209BBF}.Debug|Any CPU.Build.0 = Debug|Any CPU
		{6FCB4D9A-7891-4916-B373-809CA4209BBF}.Release|Any CPU.ActiveCfg = Release|Any CPU
		{6FCB4D9A-7891-4916-B373-809CA4209BBF}.Release|Any CPU.Build.0 = Release|Any CPU
	EndGlobalSection
	GlobalSection(SolutionProperties) = preSolution
		HideSolutionNode = FALSE
	EndGlobalSection
	GlobalSection(ExtensibilityGlobals) = postSolution
		SolutionGuid = {89C3ADDF-1786-4248-BB3F-4C121CDFD7DB}
	EndGlobalSection
EndGlobal
