
Microsoft Visual Studio Solution File, Format Version 12.00
# Visual Studio Version 17
VisualStudioVersion = 17.4.33103.184
MinimumVisualStudioVersion = 10.0.40219.1
Project("{FAE04EC0-301F-11D3-BF4B-00C04F79EFBC}") = "zebra_print_test", "zebra_print_test\zebra_print_test.csproj", "{20B746E6-CDC3-4A82-8B90-752B99D952E0}"
EndProject
Global
	GlobalSection(SolutionConfigurationPlatforms) = preSolution
		Debug|Any CPU = Debug|Any CPU
		Release|Any CPU = Release|Any CPU
	EndGlobalSection
	GlobalSection(ProjectConfigurationPlatforms) = postSolution
		{20B746E6-CDC3-4A82-8B90-752B99D952E0}.Debug|Any CPU.ActiveCfg = Debug|Any CPU
		{20B746E6-CDC3-4A82-8B90-752B99D952E0}.Debug|Any CPU.Build.0 = Debug|Any CPU
		{20B746E6-CDC3-4A82-8B90-752B99D952E0}.Release|Any CPU.ActiveCfg = Release|Any CPU
		{20B746E6-CDC3-4A82-8B90-752B99D952E0}.Release|Any CPU.Build.0 = Release|Any CPU
	EndGlobalSection
	GlobalSection(SolutionProperties) = preSolution
		HideSolutionNode = FALSE
	EndGlobalSection
	GlobalSection(ExtensibilityGlobals) = postSolution
		SolutionGuid = {1A33EF0F-A398-43CA-A95F-BB351DCB778C}
	EndGlobalSection
EndGlobal
